
Microsoft Visual Studio Solution File, Format Version 12.00
# Visual Studio Version 16
VisualStudioVersion = 16.0.33328.57
MinimumVisualStudioVersion = 10.0.40219.1
Project("{8BC9CEB8-8B4A-11D0-8D11-00A0C91BC942}") = "WIN32API_Framework", "WIN32API_Framework\WIN32API_Framework.vcxproj", "{581F4640-2B80-4E85-BE4A-715C417BC82E}"
EndProject
Global
	GlobalSection(SolutionConfigurationPlatforms) = preSolution
		Debug|x64 = Debug|x64
		Debug|x86 = Debug|x86
		Release|x64 = Release|x64
		Release|x86 = Release|x86
	EndGlobalSection
	GlobalSection(ProjectConfigurationPlatforms) = postSolution
		{581F4640-2B80-4E85-BE4A-715C417BC82E}.Debug|x64.ActiveCfg = Debug|x64
		{581F4640-2B80-4E85-BE4A-715C417BC82E}.Debug|x64.Build.0 = Debug|x64
		{581F4640-2B80-4E85-BE4A-715C417BC82E}.Debug|x86.ActiveCfg = Debug|Win32
		{581F4640-2B80-4E85-BE4A-715C417BC82E}.Debug|x86.Build.0 = Debug|Win32
		{581F4640-2B80-4E85-BE4A-715C417BC82E}.Release|x64.ActiveCfg = Release|x64
		{581F4640-2B80-4E85-BE4A-715C417BC82E}.Release|x64.Build.0 = Release|x64
		{581F4640-2B80-4E85-BE4A-715C417BC82E}.Release|x86.ActiveCfg = Release|Win32
		{581F4640-2B80-4E85-BE4A-715C417BC82E}.Release|x86.Build.0 = Release|Win32
	EndGlobalSection
	GlobalSection(SolutionProperties) = preSolution
		HideSolutionNode = FALSE
	EndGlobalSection
	GlobalSection(ExtensibilityGlobals) = postSolution
		SolutionGuid = {2B11CC2A-CC2F-4C47-A5DE-41C83DFFBE2E}
	EndGlobalSection
EndGlobal
